// !$*UTF8*$!
{
	archiveVersion = 1;
	classes = {
	};
	objectVersion = 48;
	objects = {

/* Begin PBXBuildFile section */
		202DB58F1FD0EAE8008D42A2 /* AppDelegate.swift in Sources */ = {isa = PBXBuildFile; fileRef = 202DB58E1FD0EAE8008D42A2 /* AppDelegate.swift */; };
		202DB5911FD0EAE8008D42A2 /* ViewController.swift in Sources */ = {isa = PBXBuildFile; fileRef = 202DB5901FD0EAE8008D42A2 /* ViewController.swift */; };
		202DB5941FD0EAE8008D42A2 /* Main.storyboard in Resources */ = {isa = PBXBuildFile; fileRef = 202DB5921FD0EAE8008D42A2 /* Main.storyboard */; };
		202DB5961FD0EAE8008D42A2 /* Assets.xcassets in Resources */ = {isa = PBXBuildFile; fileRef = 202DB5951FD0EAE8008D42A2 /* Assets.xcassets */; };
		202DB5991FD0EAE8008D42A2 /* LaunchScreen.storyboard in Resources */ = {isa = PBXBuildFile; fileRef = 202DB5971FD0EAE8008D42A2 /* LaunchScreen.storyboard */; };
		202DB5A41FD0EAE8008D42A2 /* CustomLayoutTests.swift in Sources */ = {isa = PBXBuildFile; fileRef = 202DB5A31FD0EAE8008D42A2 /* CustomLayoutTests.swift */; };
		202DB5AF1FD0EAE8008D42A2 /* CustomLayoutUITests.swift in Sources */ = {isa = PBXBuildFile; fileRef = 202DB5AE1FD0EAE8008D42A2 /* CustomLayoutUITests.swift */; };
		202DB5BD1FD0EB04008D42A2 /* CustomLayout.swift in Sources */ = {isa = PBXBuildFile; fileRef = 202DB5BC1FD0EB04008D42A2 /* CustomLayout.swift */; };
		202DB5C01FD0F80B008D42A2 /* CustomDataSource.swift in Sources */ = {isa = PBXBuildFile; fileRef = 202DB5BF1FD0F80B008D42A2 /* CustomDataSource.swift */; };
		202DB5C21FD0F870008D42A2 /* Event.swift in Sources */ = {isa = PBXBuildFile; fileRef = 202DB5C11FD0F870008D42A2 /* Event.swift */; };
		202DB5C51FD0F98D008D42A2 /* EventCell.swift in Sources */ = {isa = PBXBuildFile; fileRef = 202DB5C31FD0F98D008D42A2 /* EventCell.swift */; };
		202DB5C61FD0F98D008D42A2 /* EventCell.xib in Resources */ = {isa = PBXBuildFile; fileRef = 202DB5C41FD0F98D008D42A2 /* EventCell.xib */; };
		202DB5C91FD1258E008D42A2 /* HeaderView.swift in Sources */ = {isa = PBXBuildFile; fileRef = 202DB5C71FD1258E008D42A2 /* HeaderView.swift */; };
		202DB5CA1FD1258E008D42A2 /* HeaderView.xib in Resources */ = {isa = PBXBuildFile; fileRef = 202DB5C81FD1258E008D42A2 /* HeaderView.xib */; };
/* End PBXBuildFile section */

/* Begin PBXContainerItemProxy section */
		202DB5A01FD0EAE8008D42A2 /* PBXContainerItemProxy */ = {
			isa = PBXContainerItemProxy;
			containerPortal = 202DB5831FD0EAE8008D42A2 /* Project object */;
			proxyType = 1;
			remoteGlobalIDString = 202DB58A1FD0EAE8008D42A2;
			remoteInfo = CustomLayout;
		};
		202DB5AB1FD0EAE8008D42A2 /* PBXContainerItemProxy */ = {
			isa = PBXContainerItemProxy;
			containerPortal = 202DB5831FD0EAE8008D42A2 /* Project object */;
			proxyType = 1;
			remoteGlobalIDString = 202DB58A1FD0EAE8008D42A2;
			remoteInfo = CustomLayout;
		};
/* End PBXContainerItemProxy section */

/* Begin PBXFileReference section */
		202DB58B1FD0EAE8008D42A2 /* CustomLayout.app */ = {isa = PBXFileReference; explicitFileType = wrapper.application; includeInIndex = 0; path = CustomLayout.app; sourceTree = BUILT_PRODUCTS_DIR; };
		202DB58E1FD0EAE8008D42A2 /* AppDelegate.swift */ = {isa = PBXFileReference; lastKnownFileType = sourcecode.swift; path = AppDelegate.swift; sourceTree = "<group>"; };
		202DB5901FD0EAE8008D42A2 /* ViewController.swift */ = {isa = PBXFileReference; lastKnownFileType = sourcecode.swift; path = ViewController.swift; sourceTree = "<group>"; };
		202DB5931FD0EAE8008D42A2 /* Base */ = {isa = PBXFileReference; lastKnownFileType = file.storyboard; name = Base; path = Base.lproj/Main.storyboard; sourceTree = "<group>"; };
		202DB5951FD0EAE8008D42A2 /* Assets.xcassets */ = {isa = PBXFileReference; lastKnownFileType = folder.assetcatalog; path = Assets.xcassets; sourceTree = "<group>"; };
		202DB5981FD0EAE8008D42A2 /* Base */ = {isa = PBXFileReference; lastKnownFileType = file.storyboard; name = Base; path = Base.lproj/LaunchScreen.storyboard; sourceTree = "<group>"; };
		202DB59A1FD0EAE8008D42A2 /* Info.plist */ = {isa = PBXFileReference; lastKnownFileType = text.plist.xml; path = Info.plist; sourceTree = "<group>"; };
		202DB59F1FD0EAE8008D42A2 /* CustomLayoutTests.xctest */ = {isa = PBXFileReference; explicitFileType = wrapper.cfbundle; includeInIndex = 0; path = CustomLayoutTests.xctest; sourceTree = BUILT_PRODUCTS_DIR; };
		202DB5A31FD0EAE8008D42A2 /* CustomLayoutTests.swift */ = {isa = PBXFileReference; lastKnownFileType = sourcecode.swift; path = CustomLayoutTests.swift; sourceTree = "<group>"; };
		202DB5A51FD0EAE8008D42A2 /* Info.plist */ = {isa = PBXFileReference; lastKnownFileType = text.plist.xml; path = Info.plist; sourceTree = "<group>"; };
		202DB5AA1FD0EAE8008D42A2 /* CustomLayoutUITests.xctest */ = {isa = PBXFileReference; explicitFileType = wrapper.cfbundle; includeInIndex = 0; path = CustomLayoutUITests.xctest; sourceTree = BUILT_PRODUCTS_DIR; };
		202DB5AE1FD0EAE8008D42A2 /* CustomLayoutUITests.swift */ = {isa = PBXFileReference; lastKnownFileType = sourcecode.swift; path = CustomLayoutUITests.swift; sourceTree = "<group>"; };
		202DB5B01FD0EAE8008D42A2 /* Info.plist */ = {isa = PBXFileReference; lastKnownFileType = text.plist.xml; path = Info.plist; sourceTree = "<group>"; };
		202DB5BC1FD0EB04008D42A2 /* CustomLayout.swift */ = {isa = PBXFileReference; lastKnownFileType = sourcecode.swift; path = CustomLayout.swift; sourceTree = "<group>"; };
		202DB5BF1FD0F80B008D42A2 /* CustomDataSource.swift */ = {isa = PBXFileReference; lastKnownFileType = sourcecode.swift; path = CustomDataSource.swift; sourceTree = "<group>"; };
		202DB5C11FD0F870008D42A2 /* Event.swift */ = {isa = PBXFileReference; lastKnownFileType = sourcecode.swift; path = Event.swift; sourceTree = "<group>"; };
		202DB5C31FD0F98D008D42A2 /* EventCell.swift */ = {isa = PBXFileReference; lastKnownFileType = sourcecode.swift; path = EventCell.swift; sourceTree = "<group>"; };
		202DB5C41FD0F98D008D42A2 /* EventCell.xib */ = {isa = PBXFileReference; lastKnownFileType = file.xib; path = EventCell.xib; sourceTree = "<group>"; };
		202DB5C71FD1258E008D42A2 /* HeaderView.swift */ = {isa = PBXFileReference; lastKnownFileType = sourcecode.swift; path = HeaderView.swift; sourceTree = "<group>"; };
		202DB5C81FD1258E008D42A2 /* HeaderView.xib */ = {isa = PBXFileReference; lastKnownFileType = file.xib; path = HeaderView.xib; sourceTree = "<group>"; };
/* End PBXFileReference section */

/* Begin PBXFrameworksBuildPhase section */
		202DB5881FD0EAE8008D42A2 /* Frameworks */ = {
			isa = PBXFrameworksBuildPhase;
			buildActionMask = 2147483647;
			files = (
			);
			runOnlyForDeploymentPostprocessing = 0;
		};
		202DB59C1FD0EAE8008D42A2 /* Frameworks */ = {
			isa = PBXFrameworksBuildPhase;
			buildActionMask = 2147483647;
			files = (
			);
			runOnlyForDeploymentPostprocessing = 0;
		};
		202DB5A71FD0EAE8008D42A2 /* Frameworks */ = {
			isa = PBXFrameworksBuildPhase;
			buildActionMask = 2147483647;
			files = (
			);
			runOnlyForDeploymentPostprocessing = 0;
		};
/* End PBXFrameworksBuildPhase section */

/* Begin PBXGroup section */
		202DB5821FD0EAE8008D42A2 = {
			isa = PBXGroup;
			children = (
				202DB58D1FD0EAE8008D42A2 /* CustomLayout */,
				202DB5A21FD0EAE8008D42A2 /* CustomLayoutTests */,
				202DB5AD1FD0EAE8008D42A2 /* CustomLayoutUITests */,
				202DB58C1FD0EAE8008D42A2 /* Products */,
			);
			sourceTree = "<group>";
		};
		202DB58C1FD0EAE8008D42A2 /* Products */ = {
			isa = PBXGroup;
			children = (
				202DB58B1FD0EAE8008D42A2 /* CustomLayout.app */,
				202DB59F1FD0EAE8008D42A2 /* CustomLayoutTests.xctest */,
				202DB5AA1FD0EAE8008D42A2 /* CustomLayoutUITests.xctest */,
			);
			name = Products;
			sourceTree = "<group>";
		};
		202DB58D1FD0EAE8008D42A2 /* CustomLayout */ = {
			isa = PBXGroup;
			children = (
				202DB5BE1FD0F7EB008D42A2 /* CustomLayout */,
				202DB58E1FD0EAE8008D42A2 /* AppDelegate.swift */,
				202DB5901FD0EAE8008D42A2 /* ViewController.swift */,
				202DB5921FD0EAE8008D42A2 /* Main.storyboard */,
				202DB5951FD0EAE8008D42A2 /* Assets.xcassets */,
				202DB5971FD0EAE8008D42A2 /* LaunchScreen.storyboard */,
				202DB59A1FD0EAE8008D42A2 /* Info.plist */,
			);
			path = CustomLayout;
			sourceTree = "<group>";
		};
		202DB5A21FD0EAE8008D42A2 /* CustomLayoutTests */ = {
			isa = PBXGroup;
			children = (
				202DB5A31FD0EAE8008D42A2 /* CustomLayoutTests.swift */,
				202DB5A51FD0EAE8008D42A2 /* Info.plist */,
			);
			path = CustomLayoutTests;
			sourceTree = "<group>";
		};
		202DB5AD1FD0EAE8008D42A2 /* CustomLayoutUITests */ = {
			isa = PBXGroup;
			children = (
				202DB5AE1FD0EAE8008D42A2 /* CustomLayoutUITests.swift */,
				202DB5B01FD0EAE8008D42A2 /* Info.plist */,
			);
			path = CustomLayoutUITests;
			sourceTree = "<group>";
		};
		202DB5BE1FD0F7EB008D42A2 /* CustomLayout */ = {
			isa = PBXGroup;
			children = (
				202DB5BC1FD0EB04008D42A2 /* CustomLayout.swift */,
				202DB5BF1FD0F80B008D42A2 /* CustomDataSource.swift */,
				202DB5C11FD0F870008D42A2 /* Event.swift */,
				202DB5C31FD0F98D008D42A2 /* EventCell.swift */,
				202DB5C41FD0F98D008D42A2 /* EventCell.xib */,
				202DB5C71FD1258E008D42A2 /* HeaderView.swift */,
				202DB5C81FD1258E008D42A2 /* HeaderView.xib */,
			);
			path = CustomLayout;
			sourceTree = "<group>";
		};
/* End PBXGroup section */

/* Begin PBXNativeTarget section */
		202DB58A1FD0EAE8008D42A2 /* CustomLayout */ = {
			isa = PBXNativeTarget;
			buildConfigurationList = 202DB5B31FD0EAE8008D42A2 /* Build configuration list for PBXNativeTarget "CustomLayout" */;
			buildPhases = (
				202DB5871FD0EAE8008D42A2 /* Sources */,
				202DB5881FD0EAE8008D42A2 /* Frameworks */,
				202DB5891FD0EAE8008D42A2 /* Resources */,
			);
			buildRules = (
			);
			dependencies = (
			);
			name = CustomLayout;
			productName = CustomLayout;
			productReference = 202DB58B1FD0EAE8008D42A2 /* CustomLayout.app */;
			productType = "com.apple.product-type.application";
		};
		202DB59E1FD0EAE8008D42A2 /* CustomLayoutTests */ = {
			isa = PBXNativeTarget;
			buildConfigurationList = 202DB5B61FD0EAE8008D42A2 /* Build configuration list for PBXNativeTarget "CustomLayoutTests" */;
			buildPhases = (
				202DB59B1FD0EAE8008D42A2 /* Sources */,
				202DB59C1FD0EAE8008D42A2 /* Frameworks */,
				202DB59D1FD0EAE8008D42A2 /* Resources */,
			);
			buildRules = (
			);
			dependencies = (
				202DB5A11FD0EAE8008D42A2 /* PBXTargetDependency */,
			);
			name = CustomLayoutTests;
			productName = CustomLayoutTests;
			productReference = 202DB59F1FD0EAE8008D42A2 /* CustomLayoutTests.xctest */;
			productType = "com.apple.product-type.bundle.unit-test";
		};
		202DB5A91FD0EAE8008D42A2 /* CustomLayoutUITests */ = {
			isa = PBXNativeTarget;
			buildConfigurationList = 202DB5B91FD0EAE8008D42A2 /* Build configuration list for PBXNativeTarget "CustomLayoutUITests" */;
			buildPhases = (
				202DB5A61FD0EAE8008D42A2 /* Sources */,
				202DB5A71FD0EAE8008D42A2 /* Frameworks */,
				202DB5A81FD0EAE8008D42A2 /* Resources */,
			);
			buildRules = (
			);
			dependencies = (
				202DB5AC1FD0EAE8008D42A2 /* PBXTargetDependency */,
			);
			name = CustomLayoutUITests;
			productName = CustomLayoutUITests;
			productReference = 202DB5AA1FD0EAE8008D42A2 /* CustomLayoutUITests.xctest */;
			productType = "com.apple.product-type.bundle.ui-testing";
		};
/* End PBXNativeTarget section */

/* Begin PBXProject section */
		202DB5831FD0EAE8008D42A2 /* Project object */ = {
			isa = PBXProject;
			attributes = {
				LastSwiftUpdateCheck = 0910;
				LastUpgradeCheck = 0910;
				ORGANIZATIONNAME = duzhe;
				TargetAttributes = {
					202DB58A1FD0EAE8008D42A2 = {
						CreatedOnToolsVersion = 9.1;
						ProvisioningStyle = Automatic;
					};
					202DB59E1FD0EAE8008D42A2 = {
						CreatedOnToolsVersion = 9.1;
						ProvisioningStyle = Automatic;
						TestTargetID = 202DB58A1FD0EAE8008D42A2;
					};
					202DB5A91FD0EAE8008D42A2 = {
						CreatedOnToolsVersion = 9.1;
						ProvisioningStyle = Automatic;
						TestTargetID = 202DB58A1FD0EAE8008D42A2;
					};
				};
			};
			buildConfigurationList = 202DB5861FD0EAE8008D42A2 /* Build configuration list for PBXProject "CustomLayout" */;
			compatibilityVersion = "Xcode 8.0";
			developmentRegion = en;
			hasScannedForEncodings = 0;
			knownRegions = (
				en,
				Base,
			);
			mainGroup = 202DB5821FD0EAE8008D42A2;
			productRefGroup = 202DB58C1FD0EAE8008D42A2 /* Products */;
			projectDirPath = "";
			projectRoot = "";
			targets = (
				202DB58A1FD0EAE8008D42A2 /* CustomLayout */,
				202DB59E1FD0EAE8008D42A2 /* CustomLayoutTests */,
				202DB5A91FD0EAE8008D42A2 /* CustomLayoutUITests */,
			);
		};
/* End PBXProject section */

/* Begin PBXResourcesBuildPhase section */
		202DB5891FD0EAE8008D42A2 /* Resources */ = {
			isa = PBXResourcesBuildPhase;
			buildActionMask = 2147483647;
			files = (
				202DB5C61FD0F98D008D42A2 /* EventCell.xib in Resources */,
				202DB5CA1FD1258E008D42A2 /* HeaderView.xib in Resources */,
				202DB5991FD0EAE8008D42A2 /* LaunchScreen.storyboard in Resources */,
				202DB5961FD0EAE8008D42A2 /* Assets.xcassets in Resources */,
				202DB5941FD0EAE8008D42A2 /* Main.storyboard in Resources */,
			);
			runOnlyForDeploymentPostprocessing = 0;
		};
		202DB59D1FD0EAE8008D42A2 /* Resources */ = {
			isa = PBXResourcesBuildPhase;
			buildActionMask = 2147483647;
			files = (
			);
			runOnlyForDeploymentPostprocessing = 0;
		};
		202DB5A81FD0EAE8008D42A2 /* Resources */ = {
			isa = PBXResourcesBuildPhase;
			buildActionMask = 2147483647;
			files = (
			);
			runOnlyForDeploymentPostprocessing = 0;
		};
/* End PBXResourcesBuildPhase section */

/* Begin PBXSourcesBuildPhase section */
		202DB5871FD0EAE8008D42A2 /* Sources */ = {
			isa = PBXSourcesBuildPhase;
			buildActionMask = 2147483647;
			files = (
				202DB5BD1FD0EB04008D42A2 /* CustomLayout.swift in Sources */,
				202DB5911FD0EAE8008D42A2 /* ViewController.swift in Sources */,
				202DB58F1FD0EAE8008D42A2 /* AppDelegate.swift in Sources */,
				202DB5C01FD0F80B008D42A2 /* CustomDataSource.swift in Sources */,
				202DB5C51FD0F98D008D42A2 /* EventCell.swift in Sources */,
				202DB5C21FD0F870008D42A2 /* Event.swift in Sources */,
				202DB5C91FD1258E008D42A2 /* HeaderView.swift in Sources */,
			);
			runOnlyForDeploymentPostprocessing = 0;
		};
		202DB59B1FD0EAE8008D42A2 /* Sources */ = {
			isa = PBXSourcesBuildPhase;
			buildActionMask = 2147483647;
			files = (
				202DB5A41FD0EAE8008D42A2 /* CustomLayoutTests.swift in Sources */,
			);
			runOnlyForDeploymentPostprocessing = 0;
		};
		202DB5A61FD0EAE8008D42A2 /* Sources */ = {
			isa = PBXSourcesBuildPhase;
			buildActionMask = 2147483647;
			files = (
				202DB5AF1FD0EAE8008D42A2 /* CustomLayoutUITests.swift in Sources */,
			);
			runOnlyForDeploymentPostprocessing = 0;
		};
/* End PBXSourcesBuildPhase section */

/* Begin PBXTargetDependency section */
		202DB5A11FD0EAE8008D42A2 /* PBXTargetDependency */ = {
			isa = PBXTargetDependency;
			target = 202DB58A1FD0EAE8008D42A2 /* CustomLayout */;
			targetProxy = 202DB5A01FD0EAE8008D42A2 /* PBXContainerItemProxy */;
		};
		202DB5AC1FD0EAE8008D42A2 /* PBXTargetDependency */ = {
			isa = PBXTargetDependency;
			target = 202DB58A1FD0EAE8008D42A2 /* CustomLayout */;
			targetProxy = 202DB5AB1FD0EAE8008D42A2 /* PBXContainerItemProxy */;
		};
/* End PBXTargetDependency section */

/* Begin PBXVariantGroup section */
		202DB5921FD0EAE8008D42A2 /* Main.storyboard */ = {
			isa = PBXVariantGroup;
			children = (
				202DB5931FD0EAE8008D42A2 /* Base */,
			);
			name = Main.storyboard;
			sourceTree = "<group>";
		};
		202DB5971FD0EAE8008D42A2 /* LaunchScreen.storyboard */ = {
			isa = PBXVariantGroup;
			children = (
				202DB5981FD0EAE8008D42A2 /* Base */,
			);
			name = LaunchScreen.storyboard;
			sourceTree = "<group>";
		};
/* End PBXVariantGroup section */

/* Begin XCBuildConfiguration section */
		202DB5B11FD0EAE8008D42A2 /* Debug */ = {
			isa = XCBuildConfiguration;
			buildSettings = {
				ALWAYS_SEARCH_USER_PATHS = NO;
				CLANG_ANALYZER_NONNULL = YES;
				CLANG_ANALYZER_NUMBER_OBJECT_CONVERSION = YES_AGGRESSIVE;
				CLANG_CXX_LANGUAGE_STANDARD = "gnu++14";
				CLANG_CXX_LIBRARY = "libc++";
				CLANG_ENABLE_MODULES = YES;
				CLANG_ENABLE_OBJC_ARC = YES;
				CLANG_WARN_BLOCK_CAPTURE_AUTORELEASING = YES;
				CLANG_WARN_BOOL_CONVERSION = YES;
				CLANG_WARN_COMMA = YES;
				CLANG_WARN_CONSTANT_CONVERSION = YES;
				CLANG_WARN_DIRECT_OBJC_ISA_USAGE = YES_ERROR;
				CLANG_WARN_DOCUMENTATION_COMMENTS = YES;
				CLANG_WARN_EMPTY_BODY = YES;
				CLANG_WARN_ENUM_CONVERSION = YES;
				CLANG_WARN_INFINITE_RECURSION = YES;
				CLANG_WARN_INT_CONVERSION = YES;
				CLANG_WARN_NON_LITERAL_NULL_CONVERSION = YES;
				CLANG_WARN_OBJC_LITERAL_CONVERSION = YES;
				CLANG_WARN_OBJC_ROOT_CLASS = YES_ERROR;
				CLANG_WARN_RANGE_LOOP_ANALYSIS = YES;
				CLANG_WARN_STRICT_PROTOTYPES = YES;
				CLANG_WARN_SUSPICIOUS_MOVE = YES;
				CLANG_WARN_UNGUARDED_AVAILABILITY = YES_AGGRESSIVE;
				CLANG_WARN_UNREACHABLE_CODE = YES;
				CLANG_WARN__DUPLICATE_METHOD_MATCH = YES;
				CODE_SIGN_IDENTITY = "iPhone Developer";
				COPY_PHASE_STRIP = NO;
				DEBUG_INFORMATION_FORMAT = dwarf;
				ENABLE_STRICT_OBJC_MSGSEND = YES;
				ENABLE_TESTABILITY = YES;
				GCC_C_LANGUAGE_STANDARD = gnu11;
				GCC_DYNAMIC_NO_PIC = NO;
				GCC_NO_COMMON_BLOCKS = YES;
				GCC_OPTIMIZATION_LEVEL = 0;
				GCC_PREPROCESSOR_DEFINITIONS = (
					"DEBUG=1",
					"$(inherited)",
				);
				GCC_WARN_64_TO_32_BIT_CONVERSION = YES;
				GCC_WARN_ABOUT_RETURN_TYPE = YES_ERROR;
				GCC_WARN_UNDECLARED_SELECTOR = YES;
				GCC_WARN_UNINITIALIZED_AUTOS = YES_AGGRESSIVE;
				GCC_WARN_UNUSED_FUNCTION = YES;
				GCC_WARN_UNUSED_VARIABLE = YES;
				IPHONEOS_DEPLOYMENT_TARGET = 11.1;
				MTL_ENABLE_DEBUG_INFO = YES;
				ONLY_ACTIVE_ARCH = YES;
				SDKROOT = iphoneos;
				SWIFT_ACTIVE_COMPILATION_CONDITIONS = DEBUG;
				SWIFT_OPTIMIZATION_LEVEL = "-Onone";
			};
			name = Debug;
		};
		202DB5B21FD0EAE8008D42A2 /* Release */ = {
			isa = XCBuildConfiguration;
			buildSettings = {
				ALWAYS_SEARCH_USER_PATHS = NO;
				CLANG_ANALYZER_NONNULL = YES;
				CLANG_ANALYZER_NUMBER_OBJECT_CONVERSION = YES_AGGRESSIVE;
				CLANG_CXX_LANGUAGE_STANDARD = "gnu++14";
				CLANG_CXX_LIBRARY = "libc++";
				CLANG_ENABLE_MODULES = YES;
				CLANG_ENABLE_OBJC_ARC = YES;
				CLANG_WARN_BLOCK_CAPTURE_AUTORELEASING = YES;
				CLANG_WARN_BOOL_CONVERSION = YES;
				CLANG_WARN_COMMA = YES;
				CLANG_WARN_CONSTANT_CONVERSION = YES;
				CLANG_WARN_DIRECT_OBJC_ISA_USAGE = YES_ERROR;
				CLANG_WARN_DOCUMENTATION_COMMENTS = YES;
				CLANG_WARN_EMPTY_BODY = YES;
				CLANG_WARN_ENUM_CONVERSION = YES;
				CLANG_WARN_INFINITE_RECURSION = YES;
				CLANG_WARN_INT_CONVERSION = YES;
				CLANG_WARN_NON_LITERAL_NULL_CONVERSION = YES;
				CLANG_WARN_OBJC_LITERAL_CONVERSION = YES;
				CLANG_WARN_OBJC_ROOT_CLASS = YES_ERROR;
				CLANG_WARN_RANGE_LOOP_ANALYSIS = YES;
				CLANG_WARN_STRICT_PROTOTYPES = YES;
				CLANG_WARN_SUSPICIOUS_MOVE = YES;
				CLANG_WARN_UNGUARDED_AVAILABILITY = YES_AGGRESSIVE;
				CLANG_WARN_UNREACHABLE_CODE = YES;
				CLANG_WARN__DUPLICATE_METHOD_MATCH = YES;
				CODE_SIGN_IDENTITY = "iPhone Developer";
				COPY_PHASE_STRIP = NO;
				DEBUG_INFORMATION_FORMAT = "dwarf-with-dsym";
				ENABLE_NS_ASSERTIONS = NO;
				ENABLE_STRICT_OBJC_MSGSEND = YES;
				GCC_C_LANGUAGE_STANDARD = gnu11;
				GCC_NO_COMMON_BLOCKS = YES;
				GCC_WARN_64_TO_32_BIT_CONVERSION = YES;
				GCC_WARN_ABOUT_RETURN_TYPE = YES_ERROR;
				GCC_WARN_UNDECLARED_SELECTOR = YES;
				GCC_WARN_UNINITIALIZED_AUTOS = YES_AGGRESSIVE;
				GCC_WARN_UNUSED_FUNCTION = YES;
				GCC_WARN_UNUSED_VARIABLE = YES;
				IPHONEOS_DEPLOYMENT_TARGET = 11.1;
				MTL_ENABLE_DEBUG_INFO = NO;
				SDKROOT = iphoneos;
				SWIFT_OPTIMIZATION_LEVEL = "-Owholemodule";
				VALIDATE_PRODUCT = YES;
			};
			name = Release;
		};
		202DB5B41FD0EAE8008D42A2 /* Debug */ = {
			isa = XCBuildConfiguration;
			buildSettings = {
				ASSETCATALOG_COMPILER_APPICON_NAME = AppIcon;
				CODE_SIGN_STYLE = Automatic;
				DEVELOPMENT_TEAM = KY748RT68A;
				INFOPLIST_FILE = CustomLayout/Info.plist;
				LD_RUNPATH_SEARCH_PATHS = "$(inherited) @executable_path/Frameworks";
				PRODUCT_BUNDLE_IDENTIFIER = im.zuber.app.CustomLayout;
				PRODUCT_NAME = "$(TARGET_NAME)";
				SWIFT_VERSION = 4.0;
				TARGETED_DEVICE_FAMILY = "1,2";
			};
			name = Debug;
		};
		202DB5B51FD0EAE8008D42A2 /* Release */ = {
			isa = XCBuildConfiguration;
			buildSettings = {
				ASSETCATALOG_COMPILER_APPICON_NAME = AppIcon;
				CODE_SIGN_STYLE = Automatic;
				DEVELOPMENT_TEAM = KY748RT68A;
				INFOPLIST_FILE = CustomLayout/Info.plist;
				LD_RUNPATH_SEARCH_PATHS = "$(inherited) @executable_path/Frameworks";
				PRODUCT_BUNDLE_IDENTIFIER = im.zuber.app.CustomLayout;
				PRODUCT_NAME = "$(TARGET_NAME)";
				SWIFT_VERSION = 4.0;
				TARGETED_DEVICE_FAMILY = "1,2";
			};
			name = Release;
		};
		202DB5B71FD0EAE8008D42A2 /* Debug */ = {
			isa = XCBuildConfiguration;
			buildSettings = {
				ALWAYS_EMBED_SWIFT_STANDARD_LIBRARIES = YES;
				BUNDLE_LOADER = "$(TEST_HOST)";
				CODE_SIGN_STYLE = Automatic;
				DEVELOPMENT_TEAM = KY748RT68A;
				INFOPLIST_FILE = CustomLayoutTests/Info.plist;
				LD_RUNPATH_SEARCH_PATHS = "$(inherited) @executable_path/Frameworks @loader_path/Frameworks";
				PRODUCT_BUNDLE_IDENTIFIER = im.zuber.app.CustomLayoutTests;
				PRODUCT_NAME = "$(TARGET_NAME)";
				SWIFT_VERSION = 4.0;
				TARGETED_DEVICE_FAMILY = "1,2";
				TEST_HOST = "$(BUILT_PRODUCTS_DIR)/CustomLayout.app/CustomLayout";
			};
			name = Debug;
		};
		202DB5B81FD0EAE8008D42A2 /* Release */ = {
			isa = XCBuildConfiguration;
			buildSettings = {
				ALWAYS_EMBED_SWIFT_STANDARD_LIBRARIES = YES;
				BUNDLE_LOADER = "$(TEST_HOST)";
				CODE_SIGN_STYLE = Automatic;
				DEVELOPMENT_TEAM = KY748RT68A;
				INFOPLIST_FILE = CustomLayoutTests/Info.plist;
				LD_RUNPATH_SEARCH_PATHS = "$(inherited) @executable_path/Frameworks @loader_path/Frameworks";
				PRODUCT_BUNDLE_IDENTIFIER = im.zuber.app.CustomLayoutTests;
				PRODUCT_NAME = "$(TARGET_NAME)";
				SWIFT_VERSION = 4.0;
				TARGETED_DEVICE_FAMILY = "1,2";
				TEST_HOST = "$(BUILT_PRODUCTS_DIR)/CustomLayout.app/CustomLayout";
			};
			name = Release;
		};
		202DB5BA1FD0EAE8008D42A2 /* Debug */ = {
			isa = XCBuildConfiguration;
			buildSettings = {
				ALWAYS_EMBED_SWIFT_STANDARD_LIBRARIES = YES;
				CODE_SIGN_STYLE = Automatic;
				DEVELOPMENT_TEAM = KY748RT68A;
				INFOPLIST_FILE = CustomLayoutUITests/Info.plist;
				LD_RUNPATH_SEARCH_PATHS = "$(inherited) @executable_path/Frameworks @loader_path/Frameworks";
				PRODUCT_BUNDLE_IDENTIFIER = im.zuber.app.CustomLayoutUITests;
				PRODUCT_NAME = "$(TARGET_NAME)";
				SWIFT_VERSION = 4.0;
				TARGETED_DEVICE_FAMILY = "1,2";
				TEST_TARGET_NAME = CustomLayout;
			};
			name = Debug;
		};
		202DB5BB1FD0EAE8008D42A2 /* Release */ = {
			isa = XCBuildConfiguration;
			buildSettings = {
				ALWAYS_EMBED_SWIFT_STANDARD_LIBRARIES = YES;
				CODE_SIGN_STYLE = Automatic;
				DEVELOPMENT_TEAM = KY748RT68A;
				INFOPLIST_FILE = CustomLayoutUITests/Info.plist;
				LD_RUNPATH_SEARCH_PATHS = "$(inherited) @executable_path/Frameworks @loader_path/Frameworks";
				PRODUCT_BUNDLE_IDENTIFIER = im.zuber.app.CustomLayoutUITests;
				PRODUCT_NAME = "$(TARGET_NAME)";
				SWIFT_VERSION = 4.0;
				TARGETED_DEVICE_FAMILY = "1,2";
				TEST_TARGET_NAME = CustomLayout;
			};
			name = Release;
		};
/* End XCBuildConfiguration section */

/* Begin XCConfigurationList section */
		202DB5861FD0EAE8008D42A2 /* Build configuration list for PBXProject "CustomLayout" */ = {
			isa = XCConfigurationList;
			buildConfigurations = (
				202DB5B11FD0EAE8008D42A2 /* Debug */,
				202DB5B21FD0EAE8008D42A2 /* Release */,
			);
			defaultConfigurationIsVisible = 0;
			defaultConfigurationName = Release;
		};
		202DB5B31FD0EAE8008D42A2 /* Build configuration list for PBXNativeTarget "CustomLayout" */ = {
			isa = XCConfigurationList;
			buildConfigurations = (
				202DB5B41FD0EAE8008D42A2 /* Debug */,
				202DB5B51FD0EAE8008D42A2 /* Release */,
			);
			defaultConfigurationIsVisible = 0;
			defaultConfigurationName = Release;
		};
		202DB5B61FD0EAE8008D42A2 /* Build configuration list for PBXNativeTarget "CustomLayoutTests" */ = {
			isa = XCConfigurationList;
			buildConfigurations = (
				202DB5B71FD0EAE8008D42A2 /* Debug */,
				202DB5B81FD0EAE8008D42A2 /* Release */,
			);
			defaultConfigurationIsVisible = 0;
			defaultConfigurationName = Release;
		};
		202DB5B91FD0EAE8008D42A2 /* Build configuration list for PBXNativeTarget "CustomLayoutUITests" */ = {
			isa = XCConfigurationList;
			buildConfigurations = (
				202DB5BA1FD0EAE8008D42A2 /* Debug */,
				202DB5BB1FD0EAE8008D42A2 /* Release */,
			);
			defaultConfigurationIsVisible = 0;
			defaultConfigurationName = Release;
		};
/* End XCConfigurationList section */
	};
	rootObject = 202DB5831FD0EAE8008D42A2 /* Project object */;
}
